
Microsoft Visual Studio Solution File, Format Version 12.00
# Visual Studio Version 17
VisualStudioVersion = 17.1.32328.378
MinimumVisualStudioVersion = 10.0.40219.1
Project("{FAE04EC0-301F-11D3-BF4B-00C04F79EFBC}") = "FTP-Demo", "FTP-Demo.csproj", "{545052DC-1285-472B-BDC0-332E886D436A}"
EndProject
Global
	GlobalSection(SolutionConfigurationPlatforms) = preSolution
		Debug|Any CPU = Debug|Any CPU
		Release|Any CPU = Release|Any CPU
	EndGlobalSection
	GlobalSection(ProjectConfigurationPlatforms) = postSolution
		{545052DC-1285-472B-BDC0-332E886D436A}.Debug|Any CPU.ActiveCfg = Debug|Any CPU
		{545052DC-1285-472B-BDC0-332E886D436A}.Debug|Any CPU.Build.0 = Debug|Any CPU
		{545052DC-1285-472B-BDC0-332E886D436A}.Release|Any CPU.ActiveCfg = Release|Any CPU
		{545052DC-1285-472B-BDC0-332E886D436A}.Release|Any CPU.Build.0 = Release|Any CPU
	EndGlobalSection
	GlobalSection(SolutionProperties) = preSolution
		HideSolutionNode = FALSE
	EndGlobalSection
	GlobalSection(ExtensibilityGlobals) = postSolution
		SolutionGuid = {B85F31B5-3322-403E-8250-AFF656696FA7}
	EndGlobalSection
EndGlobal
